{
  "version": 3,
  "targets": {
    ".NETFramework,Version=v4.7.2": {
      "MicroBuild.Core/0.2.0": {
        "type": "package",
        "build": {
          "build/MicroBuild.Core.props": {},
          "build/MicroBuild.Core.targets": {}
        }
      },
      "MicroBuild.Core.Sentinel/1.0.0": {
        "type": "package"
      },
      "Microsoft.DotNet.Build.Tasks.Feed/7.0.0-beta.22426.8": {
        "type": "package",
        "frameworkAssemblies": [
          "Microsoft.Win32.Primitives",
          "System.AppContext",
          "System.Console",
          "System.Diagnostics.TraceSource",
          "System.Diagnostics.Tracing",
          "System.Globalization.Calendars",
          "System.IO",
          "System.IO.Compression",
          "System.IO.Compression.ZipFile",
          "System.IO.FileSystem",
          "System.IO.FileSystem.Primitives",
          "System.Linq",
          "System.Linq.Expressions",
          "System.Net.Http",
          "System.Net.Sockets",
          "System.Reflection",
          "System.Runtime",
          "System.Runtime.Extensions",
          "System.Runtime.InteropServices",
          "System.Runtime.InteropServices.RuntimeInformation",
          "System.Security.Cryptography.Algorithms",
          "System.Security.Cryptography.Encoding",
          "System.Security.Cryptography.Primitives",
          "System.Security.Cryptography.X509Certificates",
          "System.Text.RegularExpressions",
          "System.Xml.ReaderWriter"
        ],
        "build": {
          "build/Microsoft.DotNet.Build.Tasks.Feed.targets": {}
        }
      },
      "Microsoft.DotNet.SignTool/7.0.0-beta.22426.8": {
        "type": "package",
        "frameworkAssemblies": [
          "System.IO",
          "System.IO.Compression",
          "System.IO.FileSystem.Primitives",
          "System.Runtime",
          "System.Runtime.InteropServices.RuntimeInformation",
          "System.Security.Cryptography.Algorithms",
          "System.Security.Cryptography.Encoding",
          "System.Security.Cryptography.Primitives",
          "System.Security.Cryptography.X509Certificates"
        ],
        "compile": {
          "lib/net472/Microsoft.ApplicationInsights.dll": {},
          "lib/net472/Microsoft.DotNet.SignTool.dll": {
            "related": ".dll.config"
          },
          "lib/net472/Newtonsoft.Json.dll": {},
          "lib/net472/NuGet.Common.dll": {},
          "lib/net472/NuGet.Configuration.dll": {},
          "lib/net472/NuGet.Frameworks.dll": {},
          "lib/net472/NuGet.Packaging.Core.dll": {},
          "lib/net472/NuGet.Packaging.dll": {},
          "lib/net472/NuGet.Versioning.dll": {},
          "lib/net472/System.Buffers.dll": {},
          "lib/net472/System.Diagnostics.DiagnosticSource.dll": {},
          "lib/net472/System.Memory.dll": {},
          "lib/net472/System.Numerics.Vectors.dll": {},
          "lib/net472/System.Reflection.Metadata.dll": {},
          "lib/net472/System.Runtime.CompilerServices.Unsafe.dll": {}
        },
        "runtime": {
          "lib/net472/Microsoft.ApplicationInsights.dll": {},
          "lib/net472/Microsoft.DotNet.SignTool.dll": {
            "related": ".dll.config"
          },
          "lib/net472/Newtonsoft.Json.dll": {},
          "lib/net472/NuGet.Common.dll": {},
          "lib/net472/NuGet.Configuration.dll": {},
          "lib/net472/NuGet.Frameworks.dll": {},
          "lib/net472/NuGet.Packaging.Core.dll": {},
          "lib/net472/NuGet.Packaging.dll": {},
          "lib/net472/NuGet.Versioning.dll": {},
          "lib/net472/System.Buffers.dll": {},
          "lib/net472/System.Diagnostics.DiagnosticSource.dll": {},
          "lib/net472/System.Memory.dll": {},
          "lib/net472/System.Numerics.Vectors.dll": {},
          "lib/net472/System.Reflection.Metadata.dll": {},
          "lib/net472/System.Runtime.CompilerServices.Unsafe.dll": {}
        },
        "build": {
          "build/Microsoft.DotNet.SignTool.props": {}
        }
      },
      "Microsoft.Signed.Wix/1.0.0-v3.14.0.5722": {
        "type": "package",
        "build": {
          "build/Microsoft.Signed.Wix.props": {}
        }
      },
      "Microsoft.SymbolUploader.Build.Task/2.0.0-preview.1.21526.15": {
        "type": "package",
        "build": {
          "build/Microsoft.SymbolUploader.Build.Task.targets": {}
        }
      },
      "sn/1.0.0": {
        "type": "package"
      },
      "vswhere/2.6.7": {
        "type": "package",
        "build": {
          "build/vswhere.props": {}
        }
      }
    }
  },
  "libraries": {
    "MicroBuild.Core/0.2.0": {
      "sha512": "UU0glyD/p+hIrgMdA6nYw5NhdhsYxaKTc3/N9sGEPZZi63wuB3dlB1AAbFBBtVjj9jZ9UijaBnUslNWKM1xDxA==",
      "type": "package",
      "path": "microbuild.core/0.2.0",
      "files": [
        ".nupkg.metadata",
        ".signature.p7s",
        "build/MicroBuild.Core.props",
        "build/MicroBuild.Core.targets",
        "build/MicroBuild.Plugin.props",
        "microbuild.core.0.2.0.nupkg.sha512",
        "microbuild.core.nuspec"
      ]
    },
    "MicroBuild.Core.Sentinel/1.0.0": {
      "sha512": "Hra2Plv5lO61Gk7pF44lQ2B4Y1vCEpyKpUZLuNoTr9YZ2dV/B0KSQOzIrZM/wwe+SoYKmY80X5igGSny332Diw==",
      "type": "package",
      "path": "microbuild.core.sentinel/1.0.0",
      "files": [
        ".nupkg.metadata",
        "microbuild.core.sentinel.1.0.0.nupkg.sha512",
        "microbuild.core.sentinel.nuspec",
        "sentinel.txt"
      ]
    },
    "Microsoft.DotNet.Build.Tasks.Feed/7.0.0-beta.22426.8": {
      "sha512": "rrNfjxHmBA8cdXWIKL64ABwD2HVwlEYQOV8s6FJ1R6qTDGUSJ3I+zX4jowm1wr8vjiMhM2gh7LPmcn3q+Eg4Jw==",
      "type": "package",
      "path": "microsoft.dotnet.build.tasks.feed/7.0.0-beta.22426.8",
      "hasTools": true,
      "files": [
        ".nupkg.metadata",
        "Icon.png",
        "LICENSE.txt",
        "THIRD-PARTY-NOTICES.txt",
        "build/Microsoft.DotNet.Build.Tasks.Feed.targets",
        "microsoft.dotnet.build.tasks.feed.7.0.0-beta.22426.8.nupkg.sha512",
        "microsoft.dotnet.build.tasks.feed.nuspec",
        "sdk/Sdk.props",
        "sdk/Sdk.targets",
        "tools/net472/AWSSDK.Core.dll",
        "tools/net472/AWSSDK.S3.dll",
        "tools/net472/Azure.Core.dll",
        "tools/net472/Azure.Storage.Blobs.dll",
        "tools/net472/Azure.Storage.Common.dll",
        "tools/net472/Microsoft.Arcade.Common.dll",
        "tools/net472/Microsoft.Azure.KeyVault.Core.dll",
        "tools/net472/Microsoft.Bcl.AsyncInterfaces.dll",
        "tools/net472/Microsoft.Bcl.HashCode.dll",
        "tools/net472/Microsoft.Build.Framework.dll",
        "tools/net472/Microsoft.Build.Utilities.Core.dll",
        "tools/net472/Microsoft.Data.Edm.dll",
        "tools/net472/Microsoft.Data.OData.dll",
        "tools/net472/Microsoft.Data.Services.Client.dll",
        "tools/net472/Microsoft.DiaSymReader.Converter.dll",
        "tools/net472/Microsoft.DiaSymReader.PortablePdb.dll",
        "tools/net472/Microsoft.DiaSymReader.dll",
        "tools/net472/Microsoft.DotNet.Build.Tasks.Feed.dll",
        "tools/net472/Microsoft.DotNet.Build.Tasks.Feed.dll.config",
        "tools/net472/Microsoft.DotNet.Deployment.Tasks.Links.dll",
        "tools/net472/Microsoft.DotNet.VersionTools.dll",
        "tools/net472/Microsoft.Extensions.DependencyInjection.Abstractions.dll",
        "tools/net472/Microsoft.Extensions.DependencyInjection.dll",
        "tools/net472/Microsoft.FileFormats.dll",
        "tools/net472/Microsoft.IdentityModel.Clients.ActiveDirectory.Platform.dll",
        "tools/net472/Microsoft.IdentityModel.Clients.ActiveDirectory.dll",
        "tools/net472/Microsoft.SymbolStore.dll",
        "tools/net472/Microsoft.SymbolUploader.dll",
        "tools/net472/Microsoft.VisualStudio.Setup.Configuration.Interop.dll",
        "tools/net472/Microsoft.WindowsAzure.Storage.dll",
        "tools/net472/Newtonsoft.Json.dll",
        "tools/net472/NuGet.Common.dll",
        "tools/net472/NuGet.Configuration.dll",
        "tools/net472/NuGet.Frameworks.dll",
        "tools/net472/NuGet.Packaging.Core.dll",
        "tools/net472/NuGet.Packaging.dll",
        "tools/net472/NuGet.Versioning.dll",
        "tools/net472/SleetLib.dll",
        "tools/net472/System.Buffers.dll",
        "tools/net472/System.Collections.Immutable.dll",
        "tools/net472/System.Diagnostics.DiagnosticSource.dll",
        "tools/net472/System.IO.Hashing.dll",
        "tools/net472/System.Memory.Data.dll",
        "tools/net472/System.Memory.dll",
        "tools/net472/System.Net.Http.Formatting.dll",
        "tools/net472/System.Numerics.Vectors.dll",
        "tools/net472/System.Reflection.Metadata.dll",
        "tools/net472/System.Runtime.CompilerServices.Unsafe.dll",
        "tools/net472/System.Spatial.dll",
        "tools/net472/System.Text.Encodings.Web.dll",
        "tools/net472/System.Text.Json.dll",
        "tools/net472/System.Threading.Tasks.Dataflow.dll",
        "tools/net472/System.Threading.Tasks.Extensions.dll",
        "tools/net472/System.ValueTuple.dll",
        "tools/net472/cs/Microsoft.DiaSymReader.Converter.resources.dll",
        "tools/net472/de/Microsoft.Data.Edm.resources.dll",
        "tools/net472/de/Microsoft.Data.OData.resources.dll",
        "tools/net472/de/Microsoft.Data.Services.Client.resources.dll",
        "tools/net472/de/Microsoft.DiaSymReader.Converter.resources.dll",
        "tools/net472/de/System.Spatial.resources.dll",
        "tools/net472/es/Microsoft.Data.Edm.resources.dll",
        "tools/net472/es/Microsoft.Data.OData.resources.dll",
        "tools/net472/es/Microsoft.Data.Services.Client.resources.dll",
        "tools/net472/es/Microsoft.DiaSymReader.Converter.resources.dll",
        "tools/net472/es/System.Spatial.resources.dll",
        "tools/net472/fr/Microsoft.Data.Edm.resources.dll",
        "tools/net472/fr/Microsoft.Data.OData.resources.dll",
        "tools/net472/fr/Microsoft.Data.Services.Client.resources.dll",
        "tools/net472/fr/Microsoft.DiaSymReader.Converter.resources.dll",
        "tools/net472/fr/System.Spatial.resources.dll",
        "tools/net472/it/Microsoft.Data.Edm.resources.dll",
        "tools/net472/it/Microsoft.Data.OData.resources.dll",
        "tools/net472/it/Microsoft.Data.Services.Client.resources.dll",
        "tools/net472/it/Microsoft.DiaSymReader.Converter.resources.dll",
        "tools/net472/it/System.Spatial.resources.dll",
        "tools/net472/ja/Microsoft.Data.Edm.resources.dll",
        "tools/net472/ja/Microsoft.Data.OData.resources.dll",
        "tools/net472/ja/Microsoft.Data.Services.Client.resources.dll",
        "tools/net472/ja/Microsoft.DiaSymReader.Converter.resources.dll",
        "tools/net472/ja/System.Spatial.resources.dll",
        "tools/net472/ko/Microsoft.Data.Edm.resources.dll",
        "tools/net472/ko/Microsoft.Data.OData.resources.dll",
        "tools/net472/ko/Microsoft.Data.Services.Client.resources.dll",
        "tools/net472/ko/Microsoft.DiaSymReader.Converter.resources.dll",
        "tools/net472/ko/System.Spatial.resources.dll",
        "tools/net472/pl/Microsoft.DiaSymReader.Converter.resources.dll",
        "tools/net472/pt-BR/Microsoft.DiaSymReader.Converter.resources.dll",
        "tools/net472/ru/Microsoft.Data.Edm.resources.dll",
        "tools/net472/ru/Microsoft.Data.OData.resources.dll",
        "tools/net472/ru/Microsoft.Data.Services.Client.resources.dll",
        "tools/net472/ru/Microsoft.DiaSymReader.Converter.resources.dll",
        "tools/net472/ru/System.Spatial.resources.dll",
        "tools/net472/tr/Microsoft.DiaSymReader.Converter.resources.dll",
        "tools/net472/zh-Hans/Microsoft.Data.Edm.resources.dll",
        "tools/net472/zh-Hans/Microsoft.Data.OData.resources.dll",
        "tools/net472/zh-Hans/Microsoft.Data.Services.Client.resources.dll",
        "tools/net472/zh-Hans/Microsoft.DiaSymReader.Converter.resources.dll",
        "tools/net472/zh-Hans/System.Spatial.resources.dll",
        "tools/net472/zh-Hant/Microsoft.Data.Edm.resources.dll",
        "tools/net472/zh-Hant/Microsoft.Data.OData.resources.dll",
        "tools/net472/zh-Hant/Microsoft.Data.Services.Client.resources.dll",
        "tools/net472/zh-Hant/Microsoft.DiaSymReader.Converter.resources.dll",
        "tools/net472/zh-Hant/System.Spatial.resources.dll",
        "tools/net7.0/AWSSDK.Core.dll",
        "tools/net7.0/AWSSDK.S3.dll",
        "tools/net7.0/Azure.Core.dll",
        "tools/net7.0/Azure.Storage.Blobs.dll",
        "tools/net7.0/Azure.Storage.Common.dll",
        "tools/net7.0/Microsoft.Arcade.Common.dll",
        "tools/net7.0/Microsoft.Bcl.AsyncInterfaces.dll",
        "tools/net7.0/Microsoft.Build.Framework.dll",
        "tools/net7.0/Microsoft.Build.Utilities.Core.dll",
        "tools/net7.0/Microsoft.Data.Edm.dll",
        "tools/net7.0/Microsoft.Data.OData.dll",
        "tools/net7.0/Microsoft.Data.Services.Client.dll",
        "tools/net7.0/Microsoft.DiaSymReader.Converter.dll",
        "tools/net7.0/Microsoft.DiaSymReader.PortablePdb.dll",
        "tools/net7.0/Microsoft.DiaSymReader.dll",
        "tools/net7.0/Microsoft.DotNet.Build.Tasks.Feed.deps.json",
        "tools/net7.0/Microsoft.DotNet.Build.Tasks.Feed.dll",
        "tools/net7.0/Microsoft.DotNet.Deployment.Tasks.Links.dll",
        "tools/net7.0/Microsoft.DotNet.Maestro.Client.dll",
        "tools/net7.0/Microsoft.DotNet.VersionTools.dll",
        "tools/net7.0/Microsoft.Extensions.DependencyInjection.Abstractions.dll",
        "tools/net7.0/Microsoft.Extensions.DependencyInjection.dll",
        "tools/net7.0/Microsoft.FileFormats.dll",
        "tools/net7.0/Microsoft.IdentityModel.Clients.ActiveDirectory.Platform.dll",
        "tools/net7.0/Microsoft.IdentityModel.Clients.ActiveDirectory.dll",
        "tools/net7.0/Microsoft.SymbolStore.dll",
        "tools/net7.0/Microsoft.SymbolUploader.dll",
        "tools/net7.0/Microsoft.WindowsAzure.Storage.dll",
        "tools/net7.0/Newtonsoft.Json.Bson.dll",
        "tools/net7.0/Newtonsoft.Json.dll",
        "tools/net7.0/SleetLib.dll",
        "tools/net7.0/System.IO.Hashing.dll",
        "tools/net7.0/System.Memory.Data.dll",
        "tools/net7.0/System.Net.Http.Formatting.dll",
        "tools/net7.0/System.Security.Cryptography.Pkcs.dll",
        "tools/net7.0/System.Security.Cryptography.ProtectedData.dll",
        "tools/net7.0/System.Spatial.dll",
        "tools/net7.0/cs/Microsoft.DiaSymReader.Converter.resources.dll",
        "tools/net7.0/de/Microsoft.Data.Edm.resources.dll",
        "tools/net7.0/de/Microsoft.Data.OData.resources.dll",
        "tools/net7.0/de/Microsoft.Data.Services.Client.resources.dll",
        "tools/net7.0/de/Microsoft.DiaSymReader.Converter.resources.dll",
        "tools/net7.0/de/System.Spatial.resources.dll",
        "tools/net7.0/es/Microsoft.Data.Edm.resources.dll",
        "tools/net7.0/es/Microsoft.Data.OData.resources.dll",
        "tools/net7.0/es/Microsoft.Data.Services.Client.resources.dll",
        "tools/net7.0/es/Microsoft.DiaSymReader.Converter.resources.dll",
        "tools/net7.0/es/System.Spatial.resources.dll",
        "tools/net7.0/fr/Microsoft.Data.Edm.resources.dll",
        "tools/net7.0/fr/Microsoft.Data.OData.resources.dll",
        "tools/net7.0/fr/Microsoft.Data.Services.Client.resources.dll",
        "tools/net7.0/fr/Microsoft.DiaSymReader.Converter.resources.dll",
        "tools/net7.0/fr/System.Spatial.resources.dll",
        "tools/net7.0/it/Microsoft.Data.Edm.resources.dll",
        "tools/net7.0/it/Microsoft.Data.OData.resources.dll",
        "tools/net7.0/it/Microsoft.Data.Services.Client.resources.dll",
        "tools/net7.0/it/Microsoft.DiaSymReader.Converter.resources.dll",
        "tools/net7.0/it/System.Spatial.resources.dll",
        "tools/net7.0/ja/Microsoft.Data.Edm.resources.dll",
        "tools/net7.0/ja/Microsoft.Data.OData.resources.dll",
        "tools/net7.0/ja/Microsoft.Data.Services.Client.resources.dll",
        "tools/net7.0/ja/Microsoft.DiaSymReader.Converter.resources.dll",
        "tools/net7.0/ja/System.Spatial.resources.dll",
        "tools/net7.0/ko/Microsoft.Data.Edm.resources.dll",
        "tools/net7.0/ko/Microsoft.Data.OData.resources.dll",
        "tools/net7.0/ko/Microsoft.Data.Services.Client.resources.dll",
        "tools/net7.0/ko/Microsoft.DiaSymReader.Converter.resources.dll",
        "tools/net7.0/ko/System.Spatial.resources.dll",
        "tools/net7.0/pl/Microsoft.DiaSymReader.Converter.resources.dll",
        "tools/net7.0/pt-BR/Microsoft.DiaSymReader.Converter.resources.dll",
        "tools/net7.0/ru/Microsoft.Data.Edm.resources.dll",
        "tools/net7.0/ru/Microsoft.Data.OData.resources.dll",
        "tools/net7.0/ru/Microsoft.Data.Services.Client.resources.dll",
        "tools/net7.0/ru/Microsoft.DiaSymReader.Converter.resources.dll",
        "tools/net7.0/ru/System.Spatial.resources.dll",
        "tools/net7.0/runtimes/win/lib/netcoreapp3.0/System.Security.Cryptography.Pkcs.dll",
        "tools/net7.0/runtimes/win/lib/netstandard2.0/System.Security.Cryptography.ProtectedData.dll",
        "tools/net7.0/tr/Microsoft.DiaSymReader.Converter.resources.dll",
        "tools/net7.0/zh-Hans/Microsoft.Data.Edm.resources.dll",
        "tools/net7.0/zh-Hans/Microsoft.Data.OData.resources.dll",
        "tools/net7.0/zh-Hans/Microsoft.Data.Services.Client.resources.dll",
        "tools/net7.0/zh-Hans/Microsoft.DiaSymReader.Converter.resources.dll",
        "tools/net7.0/zh-Hans/System.Spatial.resources.dll",
        "tools/net7.0/zh-Hant/Microsoft.Data.Edm.resources.dll",
        "tools/net7.0/zh-Hant/Microsoft.Data.OData.resources.dll",
        "tools/net7.0/zh-Hant/Microsoft.Data.Services.Client.resources.dll",
        "tools/net7.0/zh-Hant/Microsoft.DiaSymReader.Converter.resources.dll",
        "tools/net7.0/zh-Hant/System.Spatial.resources.dll"
      ]
    },
    "Microsoft.DotNet.SignTool/7.0.0-beta.22426.8": {
      "sha512": "DG/omXPNvfaLUhsTJCsEdIMoR2OPPpMnfTnun3bjZvPcoJF8wEq9BpBK406SAkH2YkkwbTpzhvxTGCIYOWvz4Q==",
      "type": "package",
      "path": "microsoft.dotnet.signtool/7.0.0-beta.22426.8",
      "hasTools": true,
      "files": [
        ".nupkg.metadata",
        "Icon.png",
        "LICENSE.txt",
        "THIRD-PARTY-NOTICES.txt",
        "build/Microsoft.DotNet.SignTool.props",
        "lib/net472/Microsoft.ApplicationInsights.dll",
        "lib/net472/Microsoft.DotNet.SignTool.dll",
        "lib/net472/Microsoft.DotNet.SignTool.dll.config",
        "lib/net472/Newtonsoft.Json.dll",
        "lib/net472/NuGet.Common.dll",
        "lib/net472/NuGet.Configuration.dll",
        "lib/net472/NuGet.Frameworks.dll",
        "lib/net472/NuGet.Packaging.Core.dll",
        "lib/net472/NuGet.Packaging.dll",
        "lib/net472/NuGet.Versioning.dll",
        "lib/net472/System.Buffers.dll",
        "lib/net472/System.Diagnostics.DiagnosticSource.dll",
        "lib/net472/System.Memory.dll",
        "lib/net472/System.Numerics.Vectors.dll",
        "lib/net472/System.Reflection.Metadata.dll",
        "lib/net472/System.Runtime.CompilerServices.Unsafe.dll",
        "lib/net7.0/Microsoft.ApplicationInsights.dll",
        "lib/net7.0/Microsoft.DotNet.SignTool.deps.json",
        "lib/net7.0/Microsoft.DotNet.SignTool.dll",
        "lib/net7.0/Newtonsoft.Json.dll",
        "lib/net7.0/NuGet.Common.dll",
        "lib/net7.0/NuGet.Configuration.dll",
        "lib/net7.0/NuGet.Frameworks.dll",
        "lib/net7.0/NuGet.Packaging.Core.dll",
        "lib/net7.0/NuGet.Packaging.dll",
        "lib/net7.0/NuGet.Versioning.dll",
        "lib/net7.0/System.Security.Cryptography.Pkcs.dll",
        "lib/net7.0/System.Security.Cryptography.ProtectedData.dll",
        "lib/net7.0/runtimes/win/lib/netcoreapp3.0/System.Security.Cryptography.Pkcs.dll",
        "lib/net7.0/runtimes/win/lib/netstandard2.0/System.Security.Cryptography.ProtectedData.dll",
        "microsoft.dotnet.signtool.7.0.0-beta.22426.8.nupkg.sha512",
        "microsoft.dotnet.signtool.nuspec",
        "tools/net472/Microsoft.ApplicationInsights.dll",
        "tools/net472/Microsoft.DotNet.SignTool.dll",
        "tools/net472/Microsoft.DotNet.SignTool.dll.config",
        "tools/net472/Newtonsoft.Json.dll",
        "tools/net472/NuGet.Common.dll",
        "tools/net472/NuGet.Configuration.dll",
        "tools/net472/NuGet.Frameworks.dll",
        "tools/net472/NuGet.Packaging.Core.dll",
        "tools/net472/NuGet.Packaging.dll",
        "tools/net472/NuGet.Versioning.dll",
        "tools/net472/System.Buffers.dll",
        "tools/net472/System.Diagnostics.DiagnosticSource.dll",
        "tools/net472/System.Memory.dll",
        "tools/net472/System.Numerics.Vectors.dll",
        "tools/net472/System.Reflection.Metadata.dll",
        "tools/net472/System.Runtime.CompilerServices.Unsafe.dll",
        "tools/net7.0/Microsoft.ApplicationInsights.dll",
        "tools/net7.0/Microsoft.DotNet.SignTool.deps.json",
        "tools/net7.0/Microsoft.DotNet.SignTool.dll",
        "tools/net7.0/Newtonsoft.Json.dll",
        "tools/net7.0/NuGet.Common.dll",
        "tools/net7.0/NuGet.Configuration.dll",
        "tools/net7.0/NuGet.Frameworks.dll",
        "tools/net7.0/NuGet.Packaging.Core.dll",
        "tools/net7.0/NuGet.Packaging.dll",
        "tools/net7.0/NuGet.Versioning.dll",
        "tools/net7.0/System.Security.Cryptography.Pkcs.dll",
        "tools/net7.0/System.Security.Cryptography.ProtectedData.dll",
        "tools/net7.0/runtimes/win/lib/netcoreapp3.0/System.Security.Cryptography.Pkcs.dll",
        "tools/net7.0/runtimes/win/lib/netstandard2.0/System.Security.Cryptography.ProtectedData.dll"
      ]
    },
    "Microsoft.Signed.Wix/1.0.0-v3.14.0.5722": {
      "sha512": "fAFUr2lI3FPvHp7o4tMtuIzSS1esVUUWBmQPKRncAZGhYxcfEUyWIgqmXu1uSwiIXT+hlR7WC3o0liWMXFLPHw==",
      "type": "package",
      "path": "microsoft.signed.wix/1.0.0-v3.14.0.5722",
      "hasTools": true,
      "files": [
        ".nupkg.metadata",
        ".signature.p7s",
        "LICENSE.txt",
        "MicrosoftDriverInstallFrameworks(DIFx)-Standalone(free)UseTerms.rtf",
        "README.md",
        "build/Microsoft.Signed.Wix.props",
        "microsoft.signed.wix.1.0.0-v3.14.0.5722.nupkg.sha512",
        "microsoft.signed.wix.nuspec",
        "tools/LICENSE.TXT",
        "tools/LuxTasks.dll",
        "tools/Microsoft.Deployment.Compression.Cab.dll",
        "tools/Microsoft.Deployment.Compression.dll",
        "tools/Microsoft.Deployment.Resources.dll",
        "tools/Microsoft.Deployment.WindowsInstaller.Package.dll",
        "tools/Microsoft.Deployment.WindowsInstaller.dll",
        "tools/ThmViewer.exe",
        "tools/WixBalExtension.dll",
        "tools/WixComPlusExtension.dll",
        "tools/WixCop.exe",
        "tools/WixDependencyExtension.dll",
        "tools/WixDifxAppExtension.dll",
        "tools/WixDirectXExtension.dll",
        "tools/WixFirewallExtension.dll",
        "tools/WixGamingExtension.dll",
        "tools/WixHttpExtension.dll",
        "tools/WixIIsExtension.dll",
        "tools/WixLuxExtension.dll",
        "tools/WixMsmqExtension.dll",
        "tools/WixNetFxExtension.dll",
        "tools/WixPSExtension.dll",
        "tools/WixSqlExtension.dll",
        "tools/WixTagExtension.dll",
        "tools/WixTasks.dll",
        "tools/WixUIExtension.dll",
        "tools/WixUtilExtension.dll",
        "tools/WixVSExtension.MSBuild12.dll",
        "tools/WixVSExtension.MSBuild14.dll",
        "tools/WixVSExtension.dll",
        "tools/candle.exe",
        "tools/candle.exe.config",
        "tools/darice.cub",
        "tools/dark.exe",
        "tools/dark.exe.config",
        "tools/difxapp_x64.wixlib",
        "tools/difxapp_x86.wixlib",
        "tools/doc/DTF.chm",
        "tools/doc/DTFAPI.chm",
        "tools/doc/Dependency.xsd",
        "tools/doc/WiX.chm",
        "tools/doc/bal.xsd",
        "tools/doc/complus.xsd",
        "tools/doc/difxapp.xsd",
        "tools/doc/firewall.xsd",
        "tools/doc/gaming.xsd",
        "tools/doc/http.xsd",
        "tools/doc/iis.xsd",
        "tools/doc/lux.xsd",
        "tools/doc/msmq.xsd",
        "tools/doc/netfx.xsd",
        "tools/doc/ps.xsd",
        "tools/doc/sql.xsd",
        "tools/doc/tag.xsd",
        "tools/doc/thmutil.xsd",
        "tools/doc/util.xsd",
        "tools/doc/vs.xsd",
        "tools/doc/wix.xsd",
        "tools/doc/wixloc.xsd",
        "tools/heat.exe",
        "tools/heat.exe.config",
        "tools/insignia.exe",
        "tools/insignia.exe.config",
        "tools/light.exe",
        "tools/light.exe.config",
        "tools/lit.exe",
        "tools/lit.exe.config",
        "tools/lux.exe",
        "tools/lux.exe.config",
        "tools/lux.targets",
        "tools/melt.exe",
        "tools/melt.exe.config",
        "tools/mergemod.cub",
        "tools/mergemod.dll",
        "tools/mspatchc.dll",
        "tools/nit.exe",
        "tools/pyro.exe",
        "tools/pyro.exe.config",
        "tools/retina.exe",
        "tools/retina.exe.config",
        "tools/sdk/BootstrapperCore.config",
        "tools/sdk/BootstrapperCore.dll",
        "tools/sdk/BootstrapperCore.xml",
        "tools/sdk/DocCompiler.exe",
        "tools/sdk/MakeSfxCA.exe",
        "tools/sdk/MakeSfxCA.exe.config",
        "tools/sdk/Microsoft.Deployment.Compression.Cab.dll",
        "tools/sdk/Microsoft.Deployment.Compression.Cab.xml",
        "tools/sdk/Microsoft.Deployment.Compression.Zip.dll",
        "tools/sdk/Microsoft.Deployment.Compression.Zip.xml",
        "tools/sdk/Microsoft.Deployment.Compression.dll",
        "tools/sdk/Microsoft.Deployment.Compression.xml",
        "tools/sdk/Microsoft.Deployment.Resources.dll",
        "tools/sdk/Microsoft.Deployment.Resources.xml",
        "tools/sdk/Microsoft.Deployment.WindowsInstaller.Linq.dll",
        "tools/sdk/Microsoft.Deployment.WindowsInstaller.Linq.xml",
        "tools/sdk/Microsoft.Deployment.WindowsInstaller.Package.dll",
        "tools/sdk/Microsoft.Deployment.WindowsInstaller.Package.xml",
        "tools/sdk/Microsoft.Deployment.WindowsInstaller.dll",
        "tools/sdk/Microsoft.Deployment.WindowsInstaller.xml",
        "tools/sdk/MsgGen.exe",
        "tools/sdk/XsdGen.exe",
        "tools/sdk/XsdStitch.exe",
        "tools/sdk/inc/BalBaseBootstrapperApplication.h",
        "tools/sdk/inc/IBootstrapperApplication.h",
        "tools/sdk/inc/IBootstrapperBAFunction.h",
        "tools/sdk/inc/IBootstrapperEngine.h",
        "tools/sdk/inc/aclutil.h",
        "tools/sdk/inc/apputil.h",
        "tools/sdk/inc/apuputil.h",
        "tools/sdk/inc/atomutil.h",
        "tools/sdk/inc/balcondition.h",
        "tools/sdk/inc/balinfo.h",
        "tools/sdk/inc/balretry.h",
        "tools/sdk/inc/balutil.h",
        "tools/sdk/inc/buffutil.h",
        "tools/sdk/inc/butil.h",
        "tools/sdk/inc/cabcutil.h",
        "tools/sdk/inc/cabutil.h",
        "tools/sdk/inc/certutil.h",
        "tools/sdk/inc/conutil.h",
        "tools/sdk/inc/cryputil.h",
        "tools/sdk/inc/custommsierrors.h",
        "tools/sdk/inc/deputil.h",
        "tools/sdk/inc/dictutil.h",
        "tools/sdk/inc/dirutil.h",
        "tools/sdk/inc/dlutil.h",
        "tools/sdk/inc/dutil.h",
        "tools/sdk/inc/eseutil.h",
        "tools/sdk/inc/fileutil.h",
        "tools/sdk/inc/gdiputil.h",
        "tools/sdk/inc/iis7util.h",
        "tools/sdk/inc/inetutil.h",
        "tools/sdk/inc/iniutil.h",
        "tools/sdk/inc/jsonutil.h",
        "tools/sdk/inc/locutil.h",
        "tools/sdk/inc/logutil.h",
        "tools/sdk/inc/memutil.h",
        "tools/sdk/inc/metautil.h",
        "tools/sdk/inc/osutil.h",
        "tools/sdk/inc/pathutil.h",
        "tools/sdk/inc/perfutil.h",
        "tools/sdk/inc/polcutil.h",
        "tools/sdk/inc/procutil.h",
        "tools/sdk/inc/regutil.h",
        "tools/sdk/inc/resrutil.h",
        "tools/sdk/inc/reswutil.h",
        "tools/sdk/inc/rexutil.h",
        "tools/sdk/inc/rmutil.h",
        "tools/sdk/inc/rssutil.h",
        "tools/sdk/inc/sceutil.h",
        "tools/sdk/inc/shelutil.h",
        "tools/sdk/inc/sqlutil.h",
        "tools/sdk/inc/srputil.h",
        "tools/sdk/inc/strutil.h",
        "tools/sdk/inc/svcutil.h",
        "tools/sdk/inc/thmutil.h",
        "tools/sdk/inc/timeutil.h",
        "tools/sdk/inc/uriutil.h",
        "tools/sdk/inc/userutil.h",
        "tools/sdk/inc/wcalog.h",
        "tools/sdk/inc/wcautil.h",
        "tools/sdk/inc/wcawow64.h",
        "tools/sdk/inc/wcawrapquery.h",
        "tools/sdk/inc/wiutil.h",
        "tools/sdk/inc/wuautil.h",
        "tools/sdk/inc/xmlutil.h",
        "tools/sdk/vs2010/lib/x64/deputil.lib",
        "tools/sdk/vs2010/lib/x64/dutil.lib",
        "tools/sdk/vs2010/lib/x64/wcautil.lib",
        "tools/sdk/vs2010/lib/x86/balutil.lib",
        "tools/sdk/vs2010/lib/x86/deputil.lib",
        "tools/sdk/vs2010/lib/x86/dutil.lib",
        "tools/sdk/vs2010/lib/x86/wcautil.lib",
        "tools/sdk/vs2012/lib/x64/deputil.lib",
        "tools/sdk/vs2012/lib/x64/dutil.lib",
        "tools/sdk/vs2012/lib/x64/wcautil.lib",
        "tools/sdk/vs2012/lib/x86/balutil.lib",
        "tools/sdk/vs2012/lib/x86/deputil.lib",
        "tools/sdk/vs2012/lib/x86/dutil.lib",
        "tools/sdk/vs2012/lib/x86/wcautil.lib",
        "tools/sdk/vs2013/lib/x64/deputil.lib",
        "tools/sdk/vs2013/lib/x64/dutil.lib",
        "tools/sdk/vs2013/lib/x64/wcautil.lib",
        "tools/sdk/vs2013/lib/x86/balutil.lib",
        "tools/sdk/vs2013/lib/x86/deputil.lib",
        "tools/sdk/vs2013/lib/x86/dutil.lib",
        "tools/sdk/vs2013/lib/x86/wcautil.lib",
        "tools/sdk/vs2015/lib/x64/deputil.lib",
        "tools/sdk/vs2015/lib/x64/dutil.lib",
        "tools/sdk/vs2015/lib/x64/wcautil.lib",
        "tools/sdk/vs2015/lib/x86/balutil.lib",
        "tools/sdk/vs2015/lib/x86/deputil.lib",
        "tools/sdk/vs2015/lib/x86/dutil.lib",
        "tools/sdk/vs2015/lib/x86/wcautil.lib",
        "tools/sdk/vs2017/lib/arm64/deputil.lib",
        "tools/sdk/vs2017/lib/arm64/dutil.lib",
        "tools/sdk/vs2017/lib/arm64/wcautil.lib",
        "tools/sdk/vs2017/lib/x64/deputil.lib",
        "tools/sdk/vs2017/lib/x64/dutil.lib",
        "tools/sdk/vs2017/lib/x64/wcautil.lib",
        "tools/sdk/vs2017/lib/x86/balutil.lib",
        "tools/sdk/vs2017/lib/x86/deputil.lib",
        "tools/sdk/vs2017/lib/x86/dutil.lib",
        "tools/sdk/vs2017/lib/x86/wcautil.lib",
        "tools/sdk/wix.ca.targets",
        "tools/sdk/wix.nativeca.targets",
        "tools/sdk/x64/sfxca.dll",
        "tools/sdk/x86/sfxca.dll",
        "tools/shine.exe",
        "tools/shine.exe.config",
        "tools/smoke.exe",
        "tools/smoke.exe.config",
        "tools/torch.exe",
        "tools/torch.exe.config",
        "tools/wconsole.dll",
        "tools/winterop.dll",
        "tools/wix.dll",
        "tools/wix.targets",
        "tools/x86/burn.exe"
      ]
    },
    "Microsoft.SymbolUploader.Build.Task/2.0.0-preview.1.21526.15": {
      "sha512": "xe4vuUd7bCpr3Sf5c6vvcWLnpXozKrDqOzs1S3as3u+71av9D15B6N5Rh2V4hwqoHOBhCfh7ryCLMSV2Zpr1iQ==",
      "type": "package",
      "path": "microsoft.symboluploader.build.task/2.0.0-preview.1.21526.15",
      "files": [
        ".nupkg.metadata",
        ".signature.p7s",
        "Icon.png",
        "build/Microsoft.SymbolUploader.Build.Task.targets",
        "build/PublishSymbols.targets",
        "build/net45/Microsoft.DiaSymReader.Converter.dll",
        "build/net45/Microsoft.DiaSymReader.dll",
        "build/net45/Microsoft.FileFormats.dll",
        "build/net45/Microsoft.IdentityModel.Clients.ActiveDirectory.Platform.dll",
        "build/net45/Microsoft.IdentityModel.Clients.ActiveDirectory.dll",
        "build/net45/Microsoft.SymbolStore.dll",
        "build/net45/Microsoft.SymbolUploader.Build.Task.dll",
        "build/net45/Microsoft.SymbolUploader.Build.Task.pdb",
        "build/net45/Microsoft.SymbolUploader.dll",
        "build/net45/Microsoft.SymbolUploader.pdb",
        "build/net45/Newtonsoft.Json.dll",
        "build/net45/System.Collections.Immutable.dll",
        "build/net45/System.Net.Http.Formatting.dll",
        "build/net45/System.Reflection.Metadata.dll",
        "build/net45/System.Runtime.InteropServices.RuntimeInformation.dll",
        "build/net45/System.Threading.Tasks.Dataflow.dll",
        "build/net45/System.ValueTuple.dll",
        "build/net45/cs/Microsoft.DiaSymReader.Converter.resources.dll",
        "build/net45/de/Microsoft.DiaSymReader.Converter.resources.dll",
        "build/net45/es/Microsoft.DiaSymReader.Converter.resources.dll",
        "build/net45/fr/Microsoft.DiaSymReader.Converter.resources.dll",
        "build/net45/it/Microsoft.DiaSymReader.Converter.resources.dll",
        "build/net45/ja/Microsoft.DiaSymReader.Converter.resources.dll",
        "build/net45/ko/Microsoft.DiaSymReader.Converter.resources.dll",
        "build/net45/pl/Microsoft.DiaSymReader.Converter.resources.dll",
        "build/net45/pt-BR/Microsoft.DiaSymReader.Converter.resources.dll",
        "build/net45/ru/Microsoft.DiaSymReader.Converter.resources.dll",
        "build/net45/tr/Microsoft.DiaSymReader.Converter.resources.dll",
        "build/net45/zh-Hans/Microsoft.DiaSymReader.Converter.resources.dll",
        "build/net45/zh-Hant/Microsoft.DiaSymReader.Converter.resources.dll",
        "build/netstandard2.0/Microsoft.CSharp.dll",
        "build/netstandard2.0/Microsoft.DiaSymReader.Converter.dll",
        "build/netstandard2.0/Microsoft.DiaSymReader.dll",
        "build/netstandard2.0/Microsoft.FileFormats.dll",
        "build/netstandard2.0/Microsoft.IdentityModel.Clients.ActiveDirectory.Platform.dll",
        "build/netstandard2.0/Microsoft.IdentityModel.Clients.ActiveDirectory.dll",
        "build/netstandard2.0/Microsoft.SymbolStore.dll",
        "build/netstandard2.0/Microsoft.SymbolUploader.Build.Task.deps.json",
        "build/netstandard2.0/Microsoft.SymbolUploader.Build.Task.dll",
        "build/netstandard2.0/Microsoft.SymbolUploader.Build.Task.pdb",
        "build/netstandard2.0/Microsoft.SymbolUploader.dll",
        "build/netstandard2.0/Microsoft.SymbolUploader.pdb",
        "build/netstandard2.0/Newtonsoft.Json.Bson.dll",
        "build/netstandard2.0/Newtonsoft.Json.dll",
        "build/netstandard2.0/System.Collections.Immutable.dll",
        "build/netstandard2.0/System.Net.Http.Formatting.dll",
        "build/netstandard2.0/System.Reflection.Metadata.dll",
        "build/netstandard2.0/System.Threading.Tasks.Dataflow.dll",
        "build/netstandard2.0/cs/Microsoft.DiaSymReader.Converter.resources.dll",
        "build/netstandard2.0/de/Microsoft.DiaSymReader.Converter.resources.dll",
        "build/netstandard2.0/es/Microsoft.DiaSymReader.Converter.resources.dll",
        "build/netstandard2.0/fr/Microsoft.DiaSymReader.Converter.resources.dll",
        "build/netstandard2.0/it/Microsoft.DiaSymReader.Converter.resources.dll",
        "build/netstandard2.0/ja/Microsoft.DiaSymReader.Converter.resources.dll",
        "build/netstandard2.0/ko/Microsoft.DiaSymReader.Converter.resources.dll",
        "build/netstandard2.0/pl/Microsoft.DiaSymReader.Converter.resources.dll",
        "build/netstandard2.0/pt-BR/Microsoft.DiaSymReader.Converter.resources.dll",
        "build/netstandard2.0/ru/Microsoft.DiaSymReader.Converter.resources.dll",
        "build/netstandard2.0/tr/Microsoft.DiaSymReader.Converter.resources.dll",
        "build/netstandard2.0/zh-Hans/Microsoft.DiaSymReader.Converter.resources.dll",
        "build/netstandard2.0/zh-Hant/Microsoft.DiaSymReader.Converter.resources.dll",
        "microsoft.symboluploader.build.task.2.0.0-preview.1.21526.15.nupkg.sha512",
        "microsoft.symboluploader.build.task.nuspec"
      ]
    },
    "sn/1.0.0": {
      "sha512": "SiT1VAsvaikecEO/NwhfoA4OBAxfrV+EzHg4ZpbbEvmwrIXKNwvyHMEIvCaY8m0QM9DteFWX8u4reyZ3xB5h5w==",
      "type": "package",
      "path": "sn/1.0.0",
      "files": [
        ".nupkg.metadata",
        "1033/IlDasmrc.dll",
        "1033/TrackerUI.dll",
        "1033/flogvwrc.dll",
        "1033/gacutlrc.dll",
        "1033/pevrfyrc.dll",
        "1033/snrc.dll",
        "LICENSE.TXT",
        "README.TXT",
        "THIRD-PARTY-NOTICES.TXT",
        "sn.1.0.0.nupkg.sha512",
        "sn.exe",
        "sn.exe.config",
        "sn.nuspec"
      ]
    },
    "vswhere/2.6.7": {
      "sha512": "uH8Qa6yleChbsz7bnv1JlsXvEuplDpTQbiYtPvrqFDoFtDuvHG34rzaD3anDPPahnR9Hp3gz6ca4hZ7FvvjP+w==",
      "type": "package",
      "path": "vswhere/2.6.7",
      "hasTools": true,
      "files": [
        ".nupkg.metadata",
        ".signature.p7s",
        "build/vswhere.props",
        "tools/LICENSE.txt",
        "tools/VERIFICATION.txt",
        "tools/vswhere.exe",
        "vswhere.2.6.7.nupkg.sha512",
        "vswhere.nuspec"
      ]
    }
  },
  "projectFileDependencyGroups": {
    ".NETFramework,Version=v4.7.2": [
      "MicroBuild.Core >= 0.2.0",
      "MicroBuild.Core.Sentinel >= 1.0.0",
      "Microsoft.DotNet.Build.Tasks.Feed >= 7.0.0-beta.22426.8",
      "Microsoft.DotNet.SignTool >= 7.0.0-beta.22426.8",
      "Microsoft.Signed.Wix >= 1.0.0-v3.14.0.5722",
      "Microsoft.SymbolUploader.Build.Task >= 2.0.0-preview.1.21526.15",
      "sn >= 1.0.0",
      "vswhere >= 2.6.7"
    ]
  },
  "packageFolders": {
    "C:\\Users\\Ricardo Carvalho\\.nuget\\packages\\": {}
  },
  "project": {
    "version": "1.0.0",
    "restore": {
      "projectUniqueName": "C:\\Users\\Ricardo Carvalho\\.nuget\\packages\\microsoft.dotnet.arcade.sdk\\7.0.0-beta.22426.8\\tools\\Tools.proj",
      "projectName": "Tools",
      "projectPath": "C:\\Users\\Ricardo Carvalho\\.nuget\\packages\\microsoft.dotnet.arcade.sdk\\7.0.0-beta.22426.8\\tools\\Tools.proj",
      "packagesPath": "C:\\Users\\Ricardo Carvalho\\.nuget\\packages\\",
      "outputPath": "C:\\Users\\Ricardo Carvalho\\Downloads\\reverse-proxy-release-2.0\\artifacts\\toolset\\Common",
      "projectStyle": "PackageReference",
      "configFilePaths": [
        "C:\\Users\\Ricardo Carvalho\\Downloads\\reverse-proxy-release-2.0\\nuget.config"
      ],
      "originalTargetFrameworks": [
        "net472"
      ],
      "sources": {
        "https://pkgs.dev.azure.com/dnceng/public/_packaging/dotnet-eng/nuget/v3/index.json": {},
        "https://pkgs.dev.azure.com/dnceng/public/_packaging/dotnet-public/nuget/v3/index.json": {},
        "https://pkgs.dev.azure.com/dnceng/public/_packaging/dotnet-tools/nuget/v3/index.json": {},
        "https://pkgs.dev.azure.com/dnceng/public/_packaging/dotnet6/nuget/v3/index.json": {},
        "https://pkgs.dev.azure.com/dnceng/public/_packaging/dotnet7/nuget/v3/index.json": {},
        "https://pkgs.dev.azure.com/dnceng/public/_packaging/dotnet8/nuget/v3/index.json": {}
      },
      "frameworks": {
        "net472": {
          "targetAlias": "net472",
          "projectReferences": {}
        }
      },
      "warningProperties": {
        "allWarningsAsErrors": true
      }
    },
    "frameworks": {
      "net472": {
        "targetAlias": "net472",
        "dependencies": {
          "MicroBuild.Core": {
            "target": "Package",
            "version": "[0.2.0, )",
            "autoReferenced": true
          },
          "MicroBuild.Core.Sentinel": {
            "target": "Package",
            "version": "[1.0.0, )",
            "autoReferenced": true
          },
          "Microsoft.DotNet.Build.Tasks.Feed": {
            "target": "Package",
            "version": "[7.0.0-beta.22426.8, )",
            "autoReferenced": true
          },
          "Microsoft.DotNet.SignTool": {
            "target": "Package",
            "version": "[7.0.0-beta.22426.8, )",
            "autoReferenced": true
          },
          "Microsoft.Signed.Wix": {
            "target": "Package",
            "version": "[1.0.0-v3.14.0.5722, )",
            "autoReferenced": true
          },
          "Microsoft.SymbolUploader.Build.Task": {
            "target": "Package",
            "version": "[2.0.0-preview.1.21526.15, )",
            "autoReferenced": true
          },
          "sn": {
            "target": "Package",
            "version": "[1.0.0, )",
            "autoReferenced": true
          },
          "vswhere": {
            "target": "Package",
            "version": "[2.6.7, )",
            "autoReferenced": true
          }
        }
      }
    }
  }
}